
Microsoft Visual Studio Solution File, Format Version 12.00
# Visual Studio Version 17
VisualStudioVersion = 17.3.32825.248
MinimumVisualStudioVersion = 10.0.40219.1
Project("{9A19103F-16F7-4668-BE54-9A1E7A4F7556}") = "Bouvet.AssetHub.API", "Bouvet.AssetHub.API\Bouvet.AssetHub.API.csproj", "{41957E4C-C21B-4AE4-B2C3-073FEC53CC3A}"
	ProjectSection(ProjectDependencies) = postProject
		{B54DDB68-4977-4566-82EA-97DDF863E1C0} = {B54DDB68-4977-4566-82EA-97DDF863E1C0}
	EndProjectSection
EndProject
Project("{E53339B2-1760-4266-BCC7-CA923CBCF16C}") = "docker-compose", "docker-compose.dcproj", "{0D48775C-FBBF-4BF6-88C5-EFC5DDCB9A96}"
EndProject
Project("{9A19103F-16F7-4668-BE54-9A1E7A4F7556}") = "Bouvet.AssetHub.API.Tests", "Bouvet.AssetHub.API.Test\Bouvet.AssetHub.API.Tests.csproj", "{EAD284A1-B119-4D73-B3AE-A5B0F56CFD24}"
	ProjectSection(ProjectDependencies) = postProject
		{41957E4C-C21B-4AE4-B2C3-073FEC53CC3A} = {41957E4C-C21B-4AE4-B2C3-073FEC53CC3A}
	EndProjectSection
EndProject
Project("{54A90642-561A-4BB1-A94E-469ADEE60C69}") = "bouvet.assethub.ui", "bouvet.assethub.ui\bouvet.assethub.ui.esproj", "{593D8FF7-7316-4642-8BA0-14CFB55F442F}"
EndProject
Project("{9A19103F-16F7-4668-BE54-9A1E7A4F7556}") = "Bouvet.AssetHub.Contracts", "Bouvet.AssetHub.Contracts\Bouvet.AssetHub.Contracts.csproj", "{B54DDB68-4977-4566-82EA-97DDF863E1C0}"
EndProject
Project("{9A19103F-16F7-4668-BE54-9A1E7A4F7556}") = "Bouvet.AssetHub.Handlers", "Bouvet.AssetHub.Handlers\Bouvet.AssetHub.Handlers.csproj", "{47009A25-9C17-46E0-8570-D800C0FA1A40}"
EndProject
Project("{9A19103F-16F7-4668-BE54-9A1E7A4F7556}") = "Bouvet.AssetHub.Data", "Bouvet.AssetHub.Data\Bouvet.AssetHub.Data.csproj", "{7729A87C-5CFF-4DD6-ADC6-804A04834291}"
EndProject
Global
	GlobalSection(SolutionConfigurationPlatforms) = preSolution
		Debug|Any CPU = Debug|Any CPU
		Release|Any CPU = Release|Any CPU
	EndGlobalSection
	GlobalSection(ProjectConfigurationPlatforms) = postSolution
		{41957E4C-C21B-4AE4-B2C3-073FEC53CC3A}.Debug|Any CPU.ActiveCfg = Debug|Any CPU
		{41957E4C-C21B-4AE4-B2C3-073FEC53CC3A}.Debug|Any CPU.Build.0 = Debug|Any CPU
		{41957E4C-C21B-4AE4-B2C3-073FEC53CC3A}.Release|Any CPU.ActiveCfg = Release|Any CPU
		{41957E4C-C21B-4AE4-B2C3-073FEC53CC3A}.Release|Any CPU.Build.0 = Release|Any CPU
		{0D48775C-FBBF-4BF6-88C5-EFC5DDCB9A96}.Debug|Any CPU.ActiveCfg = Debug|Any CPU
		{0D48775C-FBBF-4BF6-88C5-EFC5DDCB9A96}.Debug|Any CPU.Build.0 = Debug|Any CPU
		{0D48775C-FBBF-4BF6-88C5-EFC5DDCB9A96}.Release|Any CPU.ActiveCfg = Release|Any CPU
		{0D48775C-FBBF-4BF6-88C5-EFC5DDCB9A96}.Release|Any CPU.Build.0 = Release|Any CPU
		{EAD284A1-B119-4D73-B3AE-A5B0F56CFD24}.Debug|Any CPU.ActiveCfg = Debug|Any CPU
		{EAD284A1-B119-4D73-B3AE-A5B0F56CFD24}.Debug|Any CPU.Build.0 = Debug|Any CPU
		{EAD284A1-B119-4D73-B3AE-A5B0F56CFD24}.Release|Any CPU.ActiveCfg = Release|Any CPU
		{EAD284A1-B119-4D73-B3AE-A5B0F56CFD24}.Release|Any CPU.Build.0 = Release|Any CPU
		{593D8FF7-7316-4642-8BA0-14CFB55F442F}.Debug|Any CPU.ActiveCfg = Debug|Any CPU
		{593D8FF7-7316-4642-8BA0-14CFB55F442F}.Debug|Any CPU.Build.0 = Debug|Any CPU
		{593D8FF7-7316-4642-8BA0-14CFB55F442F}.Debug|Any CPU.Deploy.0 = Debug|Any CPU
		{593D8FF7-7316-4642-8BA0-14CFB55F442F}.Release|Any CPU.ActiveCfg = Release|Any CPU
		{593D8FF7-7316-4642-8BA0-14CFB55F442F}.Release|Any CPU.Build.0 = Release|Any CPU
		{593D8FF7-7316-4642-8BA0-14CFB55F442F}.Release|Any CPU.Deploy.0 = Release|Any CPU
		{B54DDB68-4977-4566-82EA-97DDF863E1C0}.Debug|Any CPU.ActiveCfg = Debug|Any CPU
		{B54DDB68-4977-4566-82EA-97DDF863E1C0}.Debug|Any CPU.Build.0 = Debug|Any CPU
		{B54DDB68-4977-4566-82EA-97DDF863E1C0}.Release|Any CPU.ActiveCfg = Release|Any CPU
		{B54DDB68-4977-4566-82EA-97DDF863E1C0}.Release|Any CPU.Build.0 = Release|Any CPU
		{47009A25-9C17-46E0-8570-D800C0FA1A40}.Debug|Any CPU.ActiveCfg = Debug|Any CPU
		{47009A25-9C17-46E0-8570-D800C0FA1A40}.Debug|Any CPU.Build.0 = Debug|Any CPU
		{47009A25-9C17-46E0-8570-D800C0FA1A40}.Release|Any CPU.ActiveCfg = Release|Any CPU
		{47009A25-9C17-46E0-8570-D800C0FA1A40}.Release|Any CPU.Build.0 = Release|Any CPU
		{7729A87C-5CFF-4DD6-ADC6-804A04834291}.Debug|Any CPU.ActiveCfg = Debug|Any CPU
		{7729A87C-5CFF-4DD6-ADC6-804A04834291}.Debug|Any CPU.Build.0 = Debug|Any CPU
		{7729A87C-5CFF-4DD6-ADC6-804A04834291}.Release|Any CPU.ActiveCfg = Release|Any CPU
		{7729A87C-5CFF-4DD6-ADC6-804A04834291}.Release|Any CPU.Build.0 = Release|Any CPU
	EndGlobalSection
	GlobalSection(SolutionProperties) = preSolution
		HideSolutionNode = FALSE
	EndGlobalSection
	GlobalSection(ExtensibilityGlobals) = postSolution
		SolutionGuid = {D7724D38-9910-4D11-B3C7-537E0B1A923C}
	EndGlobalSection
EndGlobal
